
Microsoft Visual Studio Solution File, Format Version 12.00
# Visual Studio Version 17
VisualStudioVersion = 17.4.33122.133
MinimumVisualStudioVersion = 10.0.40219.1
Project("{FAE04EC0-301F-11D3-BF4B-00C04F79EFBC}") = "task", "task\task.csproj", "{C7AE78D8-3EC1-4916-9BC9-8DB67D28E55F}"
EndProject
Global
	GlobalSection(SolutionConfigurationPlatforms) = preSolution
		Debug|Any CPU = Debug|Any CPU
		Release|Any CPU = Release|Any CPU
	EndGlobalSection
	GlobalSection(ProjectConfigurationPlatforms) = postSolution
		{C7AE78D8-3EC1-4916-9BC9-8DB67D28E55F}.Debug|Any CPU.ActiveCfg = Debug|Any CPU
		{C7AE78D8-3EC1-4916-9BC9-8DB67D28E55F}.Debug|Any CPU.Build.0 = Debug|Any CPU
		{C7AE78D8-3EC1-4916-9BC9-8DB67D28E55F}.Release|Any CPU.ActiveCfg = Release|Any CPU
		{C7AE78D8-3EC1-4916-9BC9-8DB67D28E55F}.Release|Any CPU.Build.0 = Release|Any CPU
	EndGlobalSection
	GlobalSection(SolutionProperties) = preSolution
		HideSolutionNode = FALSE
	EndGlobalSection
	GlobalSection(ExtensibilityGlobals) = postSolution
		SolutionGuid = {5C10E8B2-2E41-4105-B1CF-CF6A381E7E1E}
	EndGlobalSection
EndGlobal
